
Microsoft Visual Studio Solution File, Format Version 12.00
# Visual Studio Version 16
VisualStudioVersion = 16.0.30114.105
MinimumVisualStudioVersion = 10.0.40219.1
Project("{FAE04EC0-301F-11D3-BF4B-00C04F79EFBC}") = "API", "API\API.csproj", "{BFFB3629-3218-4A46-8252-FF31F22859DB}"
EndProject
Project("{FAE04EC0-301F-11D3-BF4B-00C04F79EFBC}") = "Application", "Application\Application.csproj", "{2ED12F8C-B89E-4174-91AD-DE58C817039A}"
EndProject
Project("{FAE04EC0-301F-11D3-BF4B-00C04F79EFBC}") = "Persistence", "Persistence\Persistence.csproj", "{5465893D-0314-454A-9E7A-6CE9F20E1407}"
EndProject
Project("{FAE04EC0-301F-11D3-BF4B-00C04F79EFBC}") = "Domain", "Domain\Domain.csproj", "{5B4498B5-641F-4066-A278-1F1A834A6799}"
EndProject
Project("{FAE04EC0-301F-11D3-BF4B-00C04F79EFBC}") = "Infrastructure", "Infrastructure\Infrastructure.csproj", "{D80539A1-59D4-4757-86E7-5F262E8E621E}"
EndProject
Global
	GlobalSection(SolutionConfigurationPlatforms) = preSolution
		Debug|Any CPU = Debug|Any CPU
		Release|Any CPU = Release|Any CPU
	EndGlobalSection
	GlobalSection(SolutionProperties) = preSolution
		HideSolutionNode = FALSE
	EndGlobalSection
	GlobalSection(ProjectConfigurationPlatforms) = postSolution
		{BFFB3629-3218-4A46-8252-FF31F22859DB}.Debug|Any CPU.ActiveCfg = Debug|Any CPU
		{BFFB3629-3218-4A46-8252-FF31F22859DB}.Debug|Any CPU.Build.0 = Debug|Any CPU
		{BFFB3629-3218-4A46-8252-FF31F22859DB}.Release|Any CPU.ActiveCfg = Release|Any CPU
		{BFFB3629-3218-4A46-8252-FF31F22859DB}.Release|Any CPU.Build.0 = Release|Any CPU
		{2ED12F8C-B89E-4174-91AD-DE58C817039A}.Debug|Any CPU.ActiveCfg = Debug|Any CPU
		{2ED12F8C-B89E-4174-91AD-DE58C817039A}.Debug|Any CPU.Build.0 = Debug|Any CPU
		{2ED12F8C-B89E-4174-91AD-DE58C817039A}.Release|Any CPU.ActiveCfg = Release|Any CPU
		{2ED12F8C-B89E-4174-91AD-DE58C817039A}.Release|Any CPU.Build.0 = Release|Any CPU
		{5465893D-0314-454A-9E7A-6CE9F20E1407}.Debug|Any CPU.ActiveCfg = Debug|Any CPU
		{5465893D-0314-454A-9E7A-6CE9F20E1407}.Debug|Any CPU.Build.0 = Debug|Any CPU
		{5465893D-0314-454A-9E7A-6CE9F20E1407}.Release|Any CPU.ActiveCfg = Release|Any CPU
		{5465893D-0314-454A-9E7A-6CE9F20E1407}.Release|Any CPU.Build.0 = Release|Any CPU
		{5B4498B5-641F-4066-A278-1F1A834A6799}.Debug|Any CPU.ActiveCfg = Debug|Any CPU
		{5B4498B5-641F-4066-A278-1F1A834A6799}.Debug|Any CPU.Build.0 = Debug|Any CPU
		{5B4498B5-641F-4066-A278-1F1A834A6799}.Release|Any CPU.ActiveCfg = Release|Any CPU
		{5B4498B5-641F-4066-A278-1F1A834A6799}.Release|Any CPU.Build.0 = Release|Any CPU
		{D80539A1-59D4-4757-86E7-5F262E8E621E}.Debug|Any CPU.ActiveCfg = Debug|Any CPU
		{D80539A1-59D4-4757-86E7-5F262E8E621E}.Debug|Any CPU.Build.0 = Debug|Any CPU
		{D80539A1-59D4-4757-86E7-5F262E8E621E}.Release|Any CPU.ActiveCfg = Release|Any CPU
		{D80539A1-59D4-4757-86E7-5F262E8E621E}.Release|Any CPU.Build.0 = Release|Any CPU
	EndGlobalSection
EndGlobal
